
Microsoft Visual Studio Solution File, Format Version 12.00
# Visual Studio Version 17
VisualStudioVersion = 17.13.35825.156 d17.13
MinimumVisualStudioVersion = 10.0.40219.1
Project("{FAE04EC0-301F-11D3-BF4B-00C04F79EFBC}") = "Stacked", "Stacked\Stacked.csproj", "{66CB1957-60AA-4E02-84C8-C02E6898AACC}"
EndProject
Global
	GlobalSection(SolutionConfigurationPlatforms) = preSolution
		Debug|Any CPU = Debug|Any CPU
		Release|Any CPU = Release|Any CPU
	EndGlobalSection
	GlobalSection(ProjectConfigurationPlatforms) = postSolution
		{66CB1957-60AA-4E02-84C8-C02E6898AACC}.Debug|Any CPU.ActiveCfg = Debug|Any CPU
		{66CB1957-60AA-4E02-84C8-C02E6898AACC}.Debug|Any CPU.Build.0 = Debug|Any CPU
		{66CB1957-60AA-4E02-84C8-C02E6898AACC}.Release|Any CPU.ActiveCfg = Release|Any CPU
		{66CB1957-60AA-4E02-84C8-C02E6898AACC}.Release|Any CPU.Build.0 = Release|Any CPU
	EndGlobalSection
	GlobalSection(SolutionProperties) = preSolution
		HideSolutionNode = FALSE
	EndGlobalSection
	GlobalSection(ExtensibilityGlobals) = postSolution
		SolutionGuid = {83BAD104-5316-40BF-830E-B179E9495CC0}
	EndGlobalSection
EndGlobal
